
Microsoft Visual Studio Solution File, Format Version 12.00
# Visual Studio 15
VisualStudioVersion = 15.0.26124.0
MinimumVisualStudioVersion = 15.0.26124.0
Project("{2150E333-8FDC-42A3-9474-1A3956D46DE8}") = "src", "src", "{E48F1281-5245-452B-8CAC-E4956624749D}"
EndProject
Project("{2150E333-8FDC-42A3-9474-1A3956D46DE8}") = "Kata.Code.Chat", "Kata.Code.Chat", "{7A265ABD-05F7-4681-AC32-5DD60782E1D1}"
EndProject
Project("{FAE04EC0-301F-11D3-BF4B-00C04F79EFBC}") = "Kata.Code.Chat", "src\Kata.Code.Chat\src\Kata.Code.Chat.csproj", "{B0BDE219-FD2C-4082-868A-B48D06F67430}"
EndProject
Project("{FAE04EC0-301F-11D3-BF4B-00C04F79EFBC}") = "Kata.Code.Chat.UnitTests", "src\Kata.Code.Chat\test\Kata.Code.Chat.UnitTests.csproj", "{1891641D-8F66-4AF1-9A3C-D7D9A7CB07A6}"
EndProject
Project("{2150E333-8FDC-42A3-9474-1A3956D46DE8}") = "Kata.Code.Chat.Api", "Kata.Code.Chat.Api", "{FF3CFA0E-5203-485F-A9A6-79F7477F3B8B}"
EndProject
Project("{FAE04EC0-301F-11D3-BF4B-00C04F79EFBC}") = "Kata.Code.Chat.Api.UnitTests", "src\Kata.Code.Chat.Api\test\Kata.Code.Chat.Api.UnitTests.csproj", "{8F55C94E-A3AC-4A0F-86BA-959BD7F0C952}"
EndProject
Project("{FAE04EC0-301F-11D3-BF4B-00C04F79EFBC}") = "Kata.Code.Chat.Api", "src\Kata.Code.Chat.Api\src\Kata.Code.Chat.Api.csproj", "{D0019B4D-BA6B-4C22-95C1-E2F578356D46}"
EndProject
Global
	GlobalSection(SolutionConfigurationPlatforms) = preSolution
		Debug|Any CPU = Debug|Any CPU
		Debug|x64 = Debug|x64
		Debug|x86 = Debug|x86
		Release|Any CPU = Release|Any CPU
		Release|x64 = Release|x64
		Release|x86 = Release|x86
	EndGlobalSection
	GlobalSection(SolutionProperties) = preSolution
		HideSolutionNode = FALSE
	EndGlobalSection
	GlobalSection(ProjectConfigurationPlatforms) = postSolution
		{B0BDE219-FD2C-4082-868A-B48D06F67430}.Debug|Any CPU.ActiveCfg = Debug|Any CPU
		{B0BDE219-FD2C-4082-868A-B48D06F67430}.Debug|Any CPU.Build.0 = Debug|Any CPU
		{B0BDE219-FD2C-4082-868A-B48D06F67430}.Debug|x64.ActiveCfg = Debug|Any CPU
		{B0BDE219-FD2C-4082-868A-B48D06F67430}.Debug|x64.Build.0 = Debug|Any CPU
		{B0BDE219-FD2C-4082-868A-B48D06F67430}.Debug|x86.ActiveCfg = Debug|Any CPU
		{B0BDE219-FD2C-4082-868A-B48D06F67430}.Debug|x86.Build.0 = Debug|Any CPU
		{B0BDE219-FD2C-4082-868A-B48D06F67430}.Release|Any CPU.ActiveCfg = Release|Any CPU
		{B0BDE219-FD2C-4082-868A-B48D06F67430}.Release|Any CPU.Build.0 = Release|Any CPU
		{B0BDE219-FD2C-4082-868A-B48D06F67430}.Release|x64.ActiveCfg = Release|Any CPU
		{B0BDE219-FD2C-4082-868A-B48D06F67430}.Release|x64.Build.0 = Release|Any CPU
		{B0BDE219-FD2C-4082-868A-B48D06F67430}.Release|x86.ActiveCfg = Release|Any CPU
		{B0BDE219-FD2C-4082-868A-B48D06F67430}.Release|x86.Build.0 = Release|Any CPU
		{1891641D-8F66-4AF1-9A3C-D7D9A7CB07A6}.Debug|Any CPU.ActiveCfg = Debug|Any CPU
		{1891641D-8F66-4AF1-9A3C-D7D9A7CB07A6}.Debug|Any CPU.Build.0 = Debug|Any CPU
		{1891641D-8F66-4AF1-9A3C-D7D9A7CB07A6}.Debug|x64.ActiveCfg = Debug|Any CPU
		{1891641D-8F66-4AF1-9A3C-D7D9A7CB07A6}.Debug|x64.Build.0 = Debug|Any CPU
		{1891641D-8F66-4AF1-9A3C-D7D9A7CB07A6}.Debug|x86.ActiveCfg = Debug|Any CPU
		{1891641D-8F66-4AF1-9A3C-D7D9A7CB07A6}.Debug|x86.Build.0 = Debug|Any CPU
		{1891641D-8F66-4AF1-9A3C-D7D9A7CB07A6}.Release|Any CPU.ActiveCfg = Release|Any CPU
		{1891641D-8F66-4AF1-9A3C-D7D9A7CB07A6}.Release|Any CPU.Build.0 = Release|Any CPU
		{1891641D-8F66-4AF1-9A3C-D7D9A7CB07A6}.Release|x64.ActiveCfg = Release|Any CPU
		{1891641D-8F66-4AF1-9A3C-D7D9A7CB07A6}.Release|x64.Build.0 = Release|Any CPU
		{1891641D-8F66-4AF1-9A3C-D7D9A7CB07A6}.Release|x86.ActiveCfg = Release|Any CPU
		{1891641D-8F66-4AF1-9A3C-D7D9A7CB07A6}.Release|x86.Build.0 = Release|Any CPU
		{8F55C94E-A3AC-4A0F-86BA-959BD7F0C952}.Debug|Any CPU.ActiveCfg = Debug|Any CPU
		{8F55C94E-A3AC-4A0F-86BA-959BD7F0C952}.Debug|Any CPU.Build.0 = Debug|Any CPU
		{8F55C94E-A3AC-4A0F-86BA-959BD7F0C952}.Debug|x64.ActiveCfg = Debug|Any CPU
		{8F55C94E-A3AC-4A0F-86BA-959BD7F0C952}.Debug|x64.Build.0 = Debug|Any CPU
		{8F55C94E-A3AC-4A0F-86BA-959BD7F0C952}.Debug|x86.ActiveCfg = Debug|Any CPU
		{8F55C94E-A3AC-4A0F-86BA-959BD7F0C952}.Debug|x86.Build.0 = Debug|Any CPU
		{8F55C94E-A3AC-4A0F-86BA-959BD7F0C952}.Release|Any CPU.ActiveCfg = Release|Any CPU
		{8F55C94E-A3AC-4A0F-86BA-959BD7F0C952}.Release|Any CPU.Build.0 = Release|Any CPU
		{8F55C94E-A3AC-4A0F-86BA-959BD7F0C952}.Release|x64.ActiveCfg = Release|Any CPU
		{8F55C94E-A3AC-4A0F-86BA-959BD7F0C952}.Release|x64.Build.0 = Release|Any CPU
		{8F55C94E-A3AC-4A0F-86BA-959BD7F0C952}.Release|x86.ActiveCfg = Release|Any CPU
		{8F55C94E-A3AC-4A0F-86BA-959BD7F0C952}.Release|x86.Build.0 = Release|Any CPU
		{D0019B4D-BA6B-4C22-95C1-E2F578356D46}.Debug|Any CPU.ActiveCfg = Debug|Any CPU
		{D0019B4D-BA6B-4C22-95C1-E2F578356D46}.Debug|Any CPU.Build.0 = Debug|Any CPU
		{D0019B4D-BA6B-4C22-95C1-E2F578356D46}.Debug|x64.ActiveCfg = Debug|Any CPU
		{D0019B4D-BA6B-4C22-95C1-E2F578356D46}.Debug|x64.Build.0 = Debug|Any CPU
		{D0019B4D-BA6B-4C22-95C1-E2F578356D46}.Debug|x86.ActiveCfg = Debug|Any CPU
		{D0019B4D-BA6B-4C22-95C1-E2F578356D46}.Debug|x86.Build.0 = Debug|Any CPU
		{D0019B4D-BA6B-4C22-95C1-E2F578356D46}.Release|Any CPU.ActiveCfg = Release|Any CPU
		{D0019B4D-BA6B-4C22-95C1-E2F578356D46}.Release|Any CPU.Build.0 = Release|Any CPU
		{D0019B4D-BA6B-4C22-95C1-E2F578356D46}.Release|x64.ActiveCfg = Release|Any CPU
		{D0019B4D-BA6B-4C22-95C1-E2F578356D46}.Release|x64.Build.0 = Release|Any CPU
		{D0019B4D-BA6B-4C22-95C1-E2F578356D46}.Release|x86.ActiveCfg = Release|Any CPU
		{D0019B4D-BA6B-4C22-95C1-E2F578356D46}.Release|x86.Build.0 = Release|Any CPU
	EndGlobalSection
	GlobalSection(NestedProjects) = preSolution
		{7A265ABD-05F7-4681-AC32-5DD60782E1D1} = {E48F1281-5245-452B-8CAC-E4956624749D}
		{B0BDE219-FD2C-4082-868A-B48D06F67430} = {7A265ABD-05F7-4681-AC32-5DD60782E1D1}
		{1891641D-8F66-4AF1-9A3C-D7D9A7CB07A6} = {7A265ABD-05F7-4681-AC32-5DD60782E1D1}
		{FF3CFA0E-5203-485F-A9A6-79F7477F3B8B} = {E48F1281-5245-452B-8CAC-E4956624749D}
		{8F55C94E-A3AC-4A0F-86BA-959BD7F0C952} = {FF3CFA0E-5203-485F-A9A6-79F7477F3B8B}
		{D0019B4D-BA6B-4C22-95C1-E2F578356D46} = {FF3CFA0E-5203-485F-A9A6-79F7477F3B8B}
	EndGlobalSection
EndGlobal
